// !$*UTF8*$!
{
	archiveVersion = 1;
	classes = {
	};
	objectVersion = 46;
	objects = {

/* Begin PBXBuildFile section */
		218667AA1A0DEFFC00340FEF /* NSDictionary+RequestEncode.m in Sources */ = {isa = PBXBuildFile; fileRef = 218667A91A0DEFFC00340FEF /* NSDictionary+RequestEncode.m */; };
		218667AF1A0DF7B200340FEF /* NSData+MKBase64.m in Sources */ = {isa = PBXBuildFile; fileRef = 218667AC1A0DF7B200340FEF /* NSData+MKBase64.m */; };
		218667B01A0DF7B200340FEF /* NSDate+RFC1123.m in Sources */ = {isa = PBXBuildFile; fileRef = 218667AE1A0DF7B200340FEF /* NSDate+RFC1123.m */; };
		218667B31A0DFAC000340FEF /* NetworkEngine.m in Sources */ = {isa = PBXBuildFile; fileRef = 218667B21A0DFAC000340FEF /* NetworkEngine.m */; };
		218667B61A0DFAD500340FEF /* NetworkOperation.m in Sources */ = {isa = PBXBuildFile; fileRef = 218667B51A0DFAD500340FEF /* NetworkOperation.m */; };
		94E8CABA1A1469B400C89871 /* MyFileManager.m in Sources */ = {isa = PBXBuildFile; fileRef = 94E8CAB91A1469B400C89871 /* MyFileManager.m */; };
		94F24A421A0B19230044158C /* MyOperation.m in Sources */ = {isa = PBXBuildFile; fileRef = 94F24A411A0B19230044158C /* MyOperation.m */; };
		94F54BDB1A130037001D3E86 /* ObserveRealationShip.m in Sources */ = {isa = PBXBuildFile; fileRef = 94F54BDA1A130037001D3E86 /* ObserveRealationShip.m */; };
		94F60C741A088A03001D62E3 /* Foundation.framework in Frameworks */ = {isa = PBXBuildFile; fileRef = 94F60C731A088A03001D62E3 /* Foundation.framework */; };
		94F60C761A088A04001D62E3 /* CoreGraphics.framework in Frameworks */ = {isa = PBXBuildFile; fileRef = 94F60C751A088A04001D62E3 /* CoreGraphics.framework */; };
		94F60C781A088A04001D62E3 /* UIKit.framework in Frameworks */ = {isa = PBXBuildFile; fileRef = 94F60C771A088A04001D62E3 /* UIKit.framework */; };
		94F60C7E1A088A04001D62E3 /* InfoPlist.strings in Resources */ = {isa = PBXBuildFile; fileRef = 94F60C7C1A088A04001D62E3 /* InfoPlist.strings */; };
		94F60C801A088A04001D62E3 /* main.m in Sources */ = {isa = PBXBuildFile; fileRef = 94F60C7F1A088A04001D62E3 /* main.m */; };
		94F60C841A088A04001D62E3 /* AppDelegate.m in Sources */ = {isa = PBXBuildFile; fileRef = 94F60C831A088A04001D62E3 /* AppDelegate.m */; };
		94F60C871A088A04001D62E3 /* Main.storyboard in Resources */ = {isa = PBXBuildFile; fileRef = 94F60C851A088A04001D62E3 /* Main.storyboard */; };
		94F60C8A1A088A04001D62E3 /* ViewController.m in Sources */ = {isa = PBXBuildFile; fileRef = 94F60C891A088A04001D62E3 /* ViewController.m */; };
		94F60C8C1A088A04001D62E3 /* Images.xcassets in Resources */ = {isa = PBXBuildFile; fileRef = 94F60C8B1A088A04001D62E3 /* Images.xcassets */; };
		94F60C931A088A04001D62E3 /* XCTest.framework in Frameworks */ = {isa = PBXBuildFile; fileRef = 94F60C921A088A04001D62E3 /* XCTest.framework */; };
		94F60C941A088A04001D62E3 /* Foundation.framework in Frameworks */ = {isa = PBXBuildFile; fileRef = 94F60C731A088A03001D62E3 /* Foundation.framework */; };
		94F60C951A088A04001D62E3 /* UIKit.framework in Frameworks */ = {isa = PBXBuildFile; fileRef = 94F60C771A088A04001D62E3 /* UIKit.framework */; };
		94F60C9D1A088A04001D62E3 /* InfoPlist.strings in Resources */ = {isa = PBXBuildFile; fileRef = 94F60C9B1A088A04001D62E3 /* InfoPlist.strings */; };
		94F60C9F1A088A04001D62E3 /* MyNetworkKitTests.m in Sources */ = {isa = PBXBuildFile; fileRef = 94F60C9E1A088A04001D62E3 /* MyNetworkKitTests.m */; };
		94F60CAF1A088B91001D62E3 /* Reachability.m in Sources */ = {isa = PBXBuildFile; fileRef = 94F60CAE1A088B91001D62E3 /* Reachability.m */; };
		94F60CB11A088C68001D62E3 /* CFNetwork.framework in Frameworks */ = {isa = PBXBuildFile; fileRef = 94F60CB01A088C68001D62E3 /* CFNetwork.framework */; };
		94F60CB31A088C6E001D62E3 /* Security.framework in Frameworks */ = {isa = PBXBuildFile; fileRef = 94F60CB21A088C6E001D62E3 /* Security.framework */; };
		94F60CB51A088C82001D62E3 /* SystemConfiguration.framework in Frameworks */ = {isa = PBXBuildFile; fileRef = 94F60CB41A088C82001D62E3 /* SystemConfiguration.framework */; };
		94FAC4401A0CAC84007CFC58 /* NSString+MyNetworkKitExtension.m in Sources */ = {isa = PBXBuildFile; fileRef = 94FAC43F1A0CAC84007CFC58 /* NSString+MyNetworkKitExtension.m */; };
		94FAC4431A0CC429007CFC58 /* UIImage+MyNetworkKitExtension.m in Sources */ = {isa = PBXBuildFile; fileRef = 94FAC4421A0CC429007CFC58 /* UIImage+MyNetworkKitExtension.m */; };
		94FAC4451A0CC737007CFC58 /* test.png in Resources */ = {isa = PBXBuildFile; fileRef = 94FAC4441A0CC737007CFC58 /* test.png */; };
		94FAC4481A0CCB21007CFC58 /* UIImageView+MyNetworkKitExtension.m in Sources */ = {isa = PBXBuildFile; fileRef = 94FAC4471A0CCB21007CFC58 /* UIImageView+MyNetworkKitExtension.m */; };
/* End PBXBuildFile section */

/* Begin PBXContainerItemProxy section */
		94F60C961A088A04001D62E3 /* PBXContainerItemProxy */ = {
			isa = PBXContainerItemProxy;
			containerPortal = 94F60C681A088A03001D62E3 /* Project object */;
			proxyType = 1;
			remoteGlobalIDString = 94F60C6F1A088A03001D62E3;
			remoteInfo = MyNetworkKit;
		};
/* End PBXContainerItemProxy section */

/* Begin PBXFileReference section */
		218667A81A0DEFFC00340FEF /* NSDictionary+RequestEncode.h */ = {isa = PBXFileReference; fileEncoding = 4; lastKnownFileType = sourcecode.c.h; path = "NSDictionary+RequestEncode.h"; sourceTree = "<group>"; };
		218667A91A0DEFFC00340FEF /* NSDictionary+RequestEncode.m */ = {isa = PBXFileReference; fileEncoding = 4; lastKnownFileType = sourcecode.c.objc; path = "NSDictionary+RequestEncode.m"; sourceTree = "<group>"; };
		218667AB1A0DF7B200340FEF /* NSData+MKBase64.h */ = {isa = PBXFileReference; fileEncoding = 4; lastKnownFileType = sourcecode.c.h; path = "NSData+MKBase64.h"; sourceTree = "<group>"; };
		218667AC1A0DF7B200340FEF /* NSData+MKBase64.m */ = {isa = PBXFileReference; fileEncoding = 4; lastKnownFileType = sourcecode.c.objc; path = "NSData+MKBase64.m"; sourceTree = "<group>"; };
		218667AD1A0DF7B200340FEF /* NSDate+RFC1123.h */ = {isa = PBXFileReference; fileEncoding = 4; lastKnownFileType = sourcecode.c.h; path = "NSDate+RFC1123.h"; sourceTree = "<group>"; };
		218667AE1A0DF7B200340FEF /* NSDate+RFC1123.m */ = {isa = PBXFileReference; fileEncoding = 4; lastKnownFileType = sourcecode.c.objc; path = "NSDate+RFC1123.m"; sourceTree = "<group>"; };
		218667B11A0DFAC000340FEF /* NetworkEngine.h */ = {isa = PBXFileReference; fileEncoding = 4; lastKnownFileType = sourcecode.c.h; path = NetworkEngine.h; sourceTree = "<group>"; };
		218667B21A0DFAC000340FEF /* NetworkEngine.m */ = {isa = PBXFileReference; fileEncoding = 4; lastKnownFileType = sourcecode.c.objc; path = NetworkEngine.m; sourceTree = "<group>"; };
		218667B41A0DFAD500340FEF /* NetworkOperation.h */ = {isa = PBXFileReference; fileEncoding = 4; lastKnownFileType = sourcecode.c.h; path = NetworkOperation.h; sourceTree = "<group>"; };
		218667B51A0DFAD500340FEF /* NetworkOperation.m */ = {isa = PBXFileReference; fileEncoding = 4; lastKnownFileType = sourcecode.c.objc; path = NetworkOperation.m; sourceTree = "<group>"; };
		94BCA8D51A08AA0000479BE9 /* MyNetworkKit.h */ = {isa = PBXFileReference; fileEncoding = 4; lastKnownFileType = sourcecode.c.h; path = MyNetworkKit.h; sourceTree = "<group>"; };
		94E8CAB81A1469B400C89871 /* MyFileManager.h */ = {isa = PBXFileReference; fileEncoding = 4; lastKnownFileType = sourcecode.c.h; path = MyFileManager.h; sourceTree = "<group>"; };
		94E8CAB91A1469B400C89871 /* MyFileManager.m */ = {isa = PBXFileReference; fileEncoding = 4; lastKnownFileType = sourcecode.c.objc; path = MyFileManager.m; sourceTree = "<group>"; };
		94F24A401A0B19230044158C /* MyOperation.h */ = {isa = PBXFileReference; fileEncoding = 4; lastKnownFileType = sourcecode.c.h; name = MyOperation.h; path = ../MyOperation.h; sourceTree = "<group>"; };
		94F24A411A0B19230044158C /* MyOperation.m */ = {isa = PBXFileReference; fileEncoding = 4; lastKnownFileType = sourcecode.c.objc; name = MyOperation.m; path = ../MyOperation.m; sourceTree = "<group>"; };
		94F54BD91A130037001D3E86 /* ObserveRealationShip.h */ = {isa = PBXFileReference; fileEncoding = 4; lastKnownFileType = sourcecode.c.h; path = ObserveRealationShip.h; sourceTree = "<group>"; };
		94F54BDA1A130037001D3E86 /* ObserveRealationShip.m */ = {isa = PBXFileReference; fileEncoding = 4; lastKnownFileType = sourcecode.c.objc; path = ObserveRealationShip.m; sourceTree = "<group>"; };
		94F60C701A088A03001D62E3 /* MyNetworkKit.app */ = {isa = PBXFileReference; explicitFileType = wrapper.application; includeInIndex = 0; path = MyNetworkKit.app; sourceTree = BUILT_PRODUCTS_DIR; };
		94F60C731A088A03001D62E3 /* Foundation.framework */ = {isa = PBXFileReference; lastKnownFileType = wrapper.framework; name = Foundation.framework; path = System/Library/Frameworks/Foundation.framework; sourceTree = SDKROOT; };
		94F60C751A088A04001D62E3 /* CoreGraphics.framework */ = {isa = PBXFileReference; lastKnownFileType = wrapper.framework; name = CoreGraphics.framework; path = System/Library/Frameworks/CoreGraphics.framework; sourceTree = SDKROOT; };
		94F60C771A088A04001D62E3 /* UIKit.framework */ = {isa = PBXFileReference; lastKnownFileType = wrapper.framework; name = UIKit.framework; path = System/Library/Frameworks/UIKit.framework; sourceTree = SDKROOT; };
		94F60C7B1A088A04001D62E3 /* MyNetworkKit-Info.plist */ = {isa = PBXFileReference; lastKnownFileType = text.plist.xml; path = "MyNetworkKit-Info.plist"; sourceTree = "<group>"; };
		94F60C7D1A088A04001D62E3 /* en */ = {isa = PBXFileReference; lastKnownFileType = text.plist.strings; name = en; path = en.lproj/InfoPlist.strings; sourceTree = "<group>"; };
		94F60C7F1A088A04001D62E3 /* main.m */ = {isa = PBXFileReference; lastKnownFileType = sourcecode.c.objc; path = main.m; sourceTree = "<group>"; };
		94F60C811A088A04001D62E3 /* MyNetworkKit-Prefix.pch */ = {isa = PBXFileReference; lastKnownFileType = sourcecode.c.h; path = "MyNetworkKit-Prefix.pch"; sourceTree = "<group>"; };
		94F60C821A088A04001D62E3 /* AppDelegate.h */ = {isa = PBXFileReference; lastKnownFileType = sourcecode.c.h; path = AppDelegate.h; sourceTree = "<group>"; };
		94F60C831A088A04001D62E3 /* AppDelegate.m */ = {isa = PBXFileReference; lastKnownFileType = sourcecode.c.objc; path = AppDelegate.m; sourceTree = "<group>"; };
		94F60C861A088A04001D62E3 /* Base */ = {isa = PBXFileReference; lastKnownFileType = file.storyboard; name = Base; path = Base.lproj/Main.storyboard; sourceTree = "<group>"; };
		94F60C881A088A04001D62E3 /* ViewController.h */ = {isa = PBXFileReference; lastKnownFileType = sourcecode.c.h; path = ViewController.h; sourceTree = "<group>"; };
		94F60C891A088A04001D62E3 /* ViewController.m */ = {isa = PBXFileReference; lastKnownFileType = sourcecode.c.objc; path = ViewController.m; sourceTree = "<group>"; };
		94F60C8B1A088A04001D62E3 /* Images.xcassets */ = {isa = PBXFileReference; lastKnownFileType = folder.assetcatalog; path = Images.xcassets; sourceTree = "<group>"; };
		94F60C911A088A04001D62E3 /* MyNetworkKitTests.xctest */ = {isa = PBXFileReference; explicitFileType = wrapper.cfbundle; includeInIndex = 0; path = MyNetworkKitTests.xctest; sourceTree = BUILT_PRODUCTS_DIR; };
		94F60C921A088A04001D62E3 /* XCTest.framework */ = {isa = PBXFileReference; lastKnownFileType = wrapper.framework; name = XCTest.framework; path = Library/Frameworks/XCTest.framework; sourceTree = DEVELOPER_DIR; };
		94F60C9A1A088A04001D62E3 /* MyNetworkKitTests-Info.plist */ = {isa = PBXFileReference; lastKnownFileType = text.plist.xml; path = "MyNetworkKitTests-Info.plist"; sourceTree = "<group>"; };
		94F60C9C1A088A04001D62E3 /* en */ = {isa = PBXFileReference; lastKnownFileType = text.plist.strings; name = en; path = en.lproj/InfoPlist.strings; sourceTree = "<group>"; };
		94F60C9E1A088A04001D62E3 /* MyNetworkKitTests.m */ = {isa = PBXFileReference; lastKnownFileType = sourcecode.c.objc; path = MyNetworkKitTests.m; sourceTree = "<group>"; };
		94F60CAD1A088B91001D62E3 /* Reachability.h */ = {isa = PBXFileReference; fileEncoding = 4; lastKnownFileType = sourcecode.c.h; path = Reachability.h; sourceTree = "<group>"; };
		94F60CAE1A088B91001D62E3 /* Reachability.m */ = {isa = PBXFileReference; fileEncoding = 4; lastKnownFileType = sourcecode.c.objc; path = Reachability.m; sourceTree = "<group>"; };
		94F60CB01A088C68001D62E3 /* CFNetwork.framework */ = {isa = PBXFileReference; lastKnownFileType = wrapper.framework; name = CFNetwork.framework; path = System/Library/Frameworks/CFNetwork.framework; sourceTree = SDKROOT; };
		94F60CB21A088C6E001D62E3 /* Security.framework */ = {isa = PBXFileReference; lastKnownFileType = wrapper.framework; name = Security.framework; path = System/Library/Frameworks/Security.framework; sourceTree = SDKROOT; };
		94F60CB41A088C82001D62E3 /* SystemConfiguration.framework */ = {isa = PBXFileReference; lastKnownFileType = wrapper.framework; name = SystemConfiguration.framework; path = System/Library/Frameworks/SystemConfiguration.framework; sourceTree = SDKROOT; };
		94FAC43E1A0CAC84007CFC58 /* NSString+MyNetworkKitExtension.h */ = {isa = PBXFileReference; fileEncoding = 4; lastKnownFileType = sourcecode.c.h; path = "NSString+MyNetworkKitExtension.h"; sourceTree = "<group>"; };
		94FAC43F1A0CAC84007CFC58 /* NSString+MyNetworkKitExtension.m */ = {isa = PBXFileReference; fileEncoding = 4; lastKnownFileType = sourcecode.c.objc; path = "NSString+MyNetworkKitExtension.m"; sourceTree = "<group>"; };
		94FAC4411A0CC429007CFC58 /* UIImage+MyNetworkKitExtension.h */ = {isa = PBXFileReference; fileEncoding = 4; lastKnownFileType = sourcecode.c.h; path = "UIImage+MyNetworkKitExtension.h"; sourceTree = "<group>"; };
		94FAC4421A0CC429007CFC58 /* UIImage+MyNetworkKitExtension.m */ = {isa = PBXFileReference; fileEncoding = 4; lastKnownFileType = sourcecode.c.objc; path = "UIImage+MyNetworkKitExtension.m"; sourceTree = "<group>"; };
		94FAC4441A0CC737007CFC58 /* test.png */ = {isa = PBXFileReference; lastKnownFileType = image.png; path = test.png; sourceTree = "<group>"; };
		94FAC4461A0CCB21007CFC58 /* UIImageView+MyNetworkKitExtension.h */ = {isa = PBXFileReference; fileEncoding = 4; lastKnownFileType = sourcecode.c.h; path = "UIImageView+MyNetworkKitExtension.h"; sourceTree = "<group>"; };
		94FAC4471A0CCB21007CFC58 /* UIImageView+MyNetworkKitExtension.m */ = {isa = PBXFileReference; fileEncoding = 4; lastKnownFileType = sourcecode.c.objc; path = "UIImageView+MyNetworkKitExtension.m"; sourceTree = "<group>"; };
/* End PBXFileReference section */

/* Begin PBXFrameworksBuildPhase section */
		94F60C6D1A088A03001D62E3 /* Frameworks */ = {
			isa = PBXFrameworksBuildPhase;
			buildActionMask = 2147483647;
			files = (
				94F60CB51A088C82001D62E3 /* SystemConfiguration.framework in Frameworks */,
				94F60CB31A088C6E001D62E3 /* Security.framework in Frameworks */,
				94F60CB11A088C68001D62E3 /* CFNetwork.framework in Frameworks */,
				94F60C761A088A04001D62E3 /* CoreGraphics.framework in Frameworks */,
				94F60C781A088A04001D62E3 /* UIKit.framework in Frameworks */,
				94F60C741A088A03001D62E3 /* Foundation.framework in Frameworks */,
			);
			runOnlyForDeploymentPostprocessing = 0;
		};
		94F60C8E1A088A04001D62E3 /* Frameworks */ = {
			isa = PBXFrameworksBuildPhase;
			buildActionMask = 2147483647;
			files = (
				94F60C931A088A04001D62E3 /* XCTest.framework in Frameworks */,
				94F60C951A088A04001D62E3 /* UIKit.framework in Frameworks */,
				94F60C941A088A04001D62E3 /* Foundation.framework in Frameworks */,
			);
			runOnlyForDeploymentPostprocessing = 0;
		};
/* End PBXFrameworksBuildPhase section */

/* Begin PBXGroup section */
		94E8CAB71A14699C00C89871 /* tool */ = {
			isa = PBXGroup;
			children = (
				94E8CAB81A1469B400C89871 /* MyFileManager.h */,
				94E8CAB91A1469B400C89871 /* MyFileManager.m */,
			);
			name = tool;
			sourceTree = "<group>";
		};
		94F54BD81A13000E001D3E86 /* KVO */ = {
			isa = PBXGroup;
			children = (
				94F54BD91A130037001D3E86 /* ObserveRealationShip.h */,
				94F54BDA1A130037001D3E86 /* ObserveRealationShip.m */,
			);
			name = KVO;
			sourceTree = "<group>";
		};
		94F60C671A088A03001D62E3 = {
			isa = PBXGroup;
			children = (
				94F60C791A088A04001D62E3 /* MyNetworkKit */,
				94F60C981A088A04001D62E3 /* MyNetworkKitTests */,
				94F60C721A088A03001D62E3 /* Frameworks */,
				94F60C711A088A03001D62E3 /* Products */,
			);
			sourceTree = "<group>";
		};
		94F60C711A088A03001D62E3 /* Products */ = {
			isa = PBXGroup;
			children = (
				94F60C701A088A03001D62E3 /* MyNetworkKit.app */,
				94F60C911A088A04001D62E3 /* MyNetworkKitTests.xctest */,
			);
			name = Products;
			sourceTree = "<group>";
		};
		94F60C721A088A03001D62E3 /* Frameworks */ = {
			isa = PBXGroup;
			children = (
				94F60CB41A088C82001D62E3 /* SystemConfiguration.framework */,
				94F60CB21A088C6E001D62E3 /* Security.framework */,
				94F60CB01A088C68001D62E3 /* CFNetwork.framework */,
				94F60C731A088A03001D62E3 /* Foundation.framework */,
				94F60C751A088A04001D62E3 /* CoreGraphics.framework */,
				94F60C771A088A04001D62E3 /* UIKit.framework */,
				94F60C921A088A04001D62E3 /* XCTest.framework */,
			);
			name = Frameworks;
			sourceTree = "<group>";
		};
		94F60C791A088A04001D62E3 /* MyNetworkKit */ = {
			isa = PBXGroup;
			children = (
				94FAC4441A0CC737007CFC58 /* test.png */,
				94F60CA81A088A22001D62E3 /* Lib */,
				94F60C821A088A04001D62E3 /* AppDelegate.h */,
				94F60C831A088A04001D62E3 /* AppDelegate.m */,
				94F60C851A088A04001D62E3 /* Main.storyboard */,
				94F60C881A088A04001D62E3 /* ViewController.h */,
				94F60C891A088A04001D62E3 /* ViewController.m */,
				94F24A401A0B19230044158C /* MyOperation.h */,
				94F24A411A0B19230044158C /* MyOperation.m */,
				94F60C8B1A088A04001D62E3 /* Images.xcassets */,
				94F60C7A1A088A04001D62E3 /* Supporting Files */,
			);
			path = MyNetworkKit;
			sourceTree = "<group>";
		};
		94F60C7A1A088A04001D62E3 /* Supporting Files */ = {
			isa = PBXGroup;
			children = (
				94F60C7B1A088A04001D62E3 /* MyNetworkKit-Info.plist */,
				94F60C7C1A088A04001D62E3 /* InfoPlist.strings */,
				94F60C7F1A088A04001D62E3 /* main.m */,
				94F60C811A088A04001D62E3 /* MyNetworkKit-Prefix.pch */,
			);
			name = "Supporting Files";
			sourceTree = "<group>";
		};
		94F60C981A088A04001D62E3 /* MyNetworkKitTests */ = {
			isa = PBXGroup;
			children = (
				94F60C9E1A088A04001D62E3 /* MyNetworkKitTests.m */,
				94F60C991A088A04001D62E3 /* Supporting Files */,
			);
			path = MyNetworkKitTests;
			sourceTree = "<group>";
		};
		94F60C991A088A04001D62E3 /* Supporting Files */ = {
			isa = PBXGroup;
			children = (
				94F60C9A1A088A04001D62E3 /* MyNetworkKitTests-Info.plist */,
				94F60C9B1A088A04001D62E3 /* InfoPlist.strings */,
			);
			name = "Supporting Files";
			sourceTree = "<group>";
		};
		94F60CA81A088A22001D62E3 /* Lib */ = {
			isa = PBXGroup;
			children = (
				94E8CAB71A14699C00C89871 /* tool */,
				94F54BD81A13000E001D3E86 /* KVO */,
				94FAC43D1A0CAC4F007CFC58 /* Categories */,
				94F60CA91A088A3B001D62E3 /* Reachability */,
				94BCA8D51A08AA0000479BE9 /* MyNetworkKit.h */,
				218667B11A0DFAC000340FEF /* NetworkEngine.h */,
				218667B21A0DFAC000340FEF /* NetworkEngine.m */,
				218667B41A0DFAD500340FEF /* NetworkOperation.h */,
				218667B51A0DFAD500340FEF /* NetworkOperation.m */,
			);
			path = Lib;
			sourceTree = "<group>";
		};
		94F60CA91A088A3B001D62E3 /* Reachability */ = {
			isa = PBXGroup;
			children = (
				94F60CAD1A088B91001D62E3 /* Reachability.h */,
				94F60CAE1A088B91001D62E3 /* Reachability.m */,
			);
			name = Reachability;
			sourceTree = "<group>";
		};
		94FAC43D1A0CAC4F007CFC58 /* Categories */ = {
			isa = PBXGroup;
			children = (
				218667AB1A0DF7B200340FEF /* NSData+MKBase64.h */,
				218667AC1A0DF7B200340FEF /* NSData+MKBase64.m */,
				218667AD1A0DF7B200340FEF /* NSDate+RFC1123.h */,
				218667AE1A0DF7B200340FEF /* NSDate+RFC1123.m */,
				94FAC43E1A0CAC84007CFC58 /* NSString+MyNetworkKitExtension.h */,
				94FAC43F1A0CAC84007CFC58 /* NSString+MyNetworkKitExtension.m */,
				94FAC4411A0CC429007CFC58 /* UIImage+MyNetworkKitExtension.h */,
				94FAC4421A0CC429007CFC58 /* UIImage+MyNetworkKitExtension.m */,
				94FAC4461A0CCB21007CFC58 /* UIImageView+MyNetworkKitExtension.h */,
				94FAC4471A0CCB21007CFC58 /* UIImageView+MyNetworkKitExtension.m */,
				218667A81A0DEFFC00340FEF /* NSDictionary+RequestEncode.h */,
				218667A91A0DEFFC00340FEF /* NSDictionary+RequestEncode.m */,
			);
			name = Categories;
			sourceTree = "<group>";
		};
/* End PBXGroup section */

/* Begin PBXNativeTarget section */
		94F60C6F1A088A03001D62E3 /* MyNetworkKit */ = {
			isa = PBXNativeTarget;
			buildConfigurationList = 94F60CA21A088A04001D62E3 /* Build configuration list for PBXNativeTarget "MyNetworkKit" */;
			buildPhases = (
				94F60C6C1A088A03001D62E3 /* Sources */,
				94F60C6D1A088A03001D62E3 /* Frameworks */,
				94F60C6E1A088A03001D62E3 /* Resources */,
			);
			buildRules = (
			);
			dependencies = (
			);
			name = MyNetworkKit;
			productName = MyNetworkKit;
			productReference = 94F60C701A088A03001D62E3 /* MyNetworkKit.app */;
			productType = "com.apple.product-type.application";
		};
		94F60C901A088A04001D62E3 /* MyNetworkKitTests */ = {
			isa = PBXNativeTarget;
			buildConfigurationList = 94F60CA51A088A04001D62E3 /* Build configuration list for PBXNativeTarget "MyNetworkKitTests" */;
			buildPhases = (
				94F60C8D1A088A04001D62E3 /* Sources */,
				94F60C8E1A088A04001D62E3 /* Frameworks */,
				94F60C8F1A088A04001D62E3 /* Resources */,
			);
			buildRules = (
			);
			dependencies = (
				94F60C971A088A04001D62E3 /* PBXTargetDependency */,
			);
			name = MyNetworkKitTests;
			productName = MyNetworkKitTests;
			productReference = 94F60C911A088A04001D62E3 /* MyNetworkKitTests.xctest */;
			productType = "com.apple.product-type.bundle.unit-test";
		};
/* End PBXNativeTarget section */

/* Begin PBXProject section */
		94F60C681A088A03001D62E3 /* Project object */ = {
			isa = PBXProject;
			attributes = {
				LastUpgradeCheck = 0510;
				ORGANIZATIONNAME = xiong;
				TargetAttributes = {
					94F60C901A088A04001D62E3 = {
						TestTargetID = 94F60C6F1A088A03001D62E3;
					};
				};
			};
			buildConfigurationList = 94F60C6B1A088A03001D62E3 /* Build configuration list for PBXProject "MyNetworkKit" */;
			compatibilityVersion = "Xcode 3.2";
			developmentRegion = English;
			hasScannedForEncodings = 0;
			knownRegions = (
				en,
				Base,
			);
			mainGroup = 94F60C671A088A03001D62E3;
			productRefGroup = 94F60C711A088A03001D62E3 /* Products */;
			projectDirPath = "";
			projectRoot = "";
			targets = (
				94F60C6F1A088A03001D62E3 /* MyNetworkKit */,
				94F60C901A088A04001D62E3 /* MyNetworkKitTests */,
			);
		};
/* End PBXProject section */

/* Begin PBXResourcesBuildPhase section */
		94F60C6E1A088A03001D62E3 /* Resources */ = {
			isa = PBXResourcesBuildPhase;
			buildActionMask = 2147483647;
			files = (
				94FAC4451A0CC737007CFC58 /* test.png in Resources */,
				94F60C8C1A088A04001D62E3 /* Images.xcassets in Resources */,
				94F60C7E1A088A04001D62E3 /* InfoPlist.strings in Resources */,
				94F60C871A088A04001D62E3 /* Main.storyboard in Resources */,
			);
			runOnlyForDeploymentPostprocessing = 0;
		};
		94F60C8F1A088A04001D62E3 /* Resources */ = {
			isa = PBXResourcesBuildPhase;
			buildActionMask = 2147483647;
			files = (
				94F60C9D1A088A04001D62E3 /* InfoPlist.strings in Resources */,
			);
			runOnlyForDeploymentPostprocessing = 0;
		};
/* End PBXResourcesBuildPhase section */

/* Begin PBXSourcesBuildPhase section */
		94F60C6C1A088A03001D62E3 /* Sources */ = {
			isa = PBXSourcesBuildPhase;
			buildActionMask = 2147483647;
			files = (
				94F60C8A1A088A04001D62E3 /* ViewController.m in Sources */,
				94FAC4431A0CC429007CFC58 /* UIImage+MyNetworkKitExtension.m in Sources */,
				94F60C841A088A04001D62E3 /* AppDelegate.m in Sources */,
				218667AA1A0DEFFC00340FEF /* NSDictionary+RequestEncode.m in Sources */,
				218667B61A0DFAD500340FEF /* NetworkOperation.m in Sources */,
				94FAC4401A0CAC84007CFC58 /* NSString+MyNetworkKitExtension.m in Sources */,
				94FAC4481A0CCB21007CFC58 /* UIImageView+MyNetworkKitExtension.m in Sources */,
				218667B31A0DFAC000340FEF /* NetworkEngine.m in Sources */,
				94E8CABA1A1469B400C89871 /* MyFileManager.m in Sources */,
				218667B01A0DF7B200340FEF /* NSDate+RFC1123.m in Sources */,
				94F60CAF1A088B91001D62E3 /* Reachability.m in Sources */,
				218667AF1A0DF7B200340FEF /* NSData+MKBase64.m in Sources */,
				94F24A421A0B19230044158C /* MyOperation.m in Sources */,
				94F60C801A088A04001D62E3 /* main.m in Sources */,
				94F54BDB1A130037001D3E86 /* ObserveRealationShip.m in Sources */,
			);
			runOnlyForDeploymentPostprocessing = 0;
		};
		94F60C8D1A088A04001D62E3 /* Sources */ = {
			isa = PBXSourcesBuildPhase;
			buildActionMask = 2147483647;
			files = (
				94F60C9F1A088A04001D62E3 /* MyNetworkKitTests.m in Sources */,
			);
			runOnlyForDeploymentPostprocessing = 0;
		};
/* End PBXSourcesBuildPhase section */

/* Begin PBXTargetDependency section */
		94F60C971A088A04001D62E3 /* PBXTargetDependency */ = {
			isa = PBXTargetDependency;
			target = 94F60C6F1A088A03001D62E3 /* MyNetworkKit */;
			targetProxy = 94F60C961A088A04001D62E3 /* PBXContainerItemProxy */;
		};
/* End PBXTargetDependency section */

/* Begin PBXVariantGroup section */
		94F60C7C1A088A04001D62E3 /* InfoPlist.strings */ = {
			isa = PBXVariantGroup;
			children = (
				94F60C7D1A088A04001D62E3 /* en */,
			);
			name = InfoPlist.strings;
			sourceTree = "<group>";
		};
		94F60C851A088A04001D62E3 /* Main.storyboard */ = {
			isa = PBXVariantGroup;
			children = (
				94F60C861A088A04001D62E3 /* Base */,
			);
			name = Main.storyboard;
			sourceTree = "<group>";
		};
		94F60C9B1A088A04001D62E3 /* InfoPlist.strings */ = {
			isa = PBXVariantGroup;
			children = (
				94F60C9C1A088A04001D62E3 /* en */,
			);
			name = InfoPlist.strings;
			sourceTree = "<group>";
		};
/* End PBXVariantGroup section */

/* Begin XCBuildConfiguration section */
		94F60CA01A088A04001D62E3 /* Debug */ = {
			isa = XCBuildConfiguration;
			buildSettings = {
				ALWAYS_SEARCH_USER_PATHS = NO;
				CLANG_CXX_LANGUAGE_STANDARD = "gnu++0x";
				CLANG_CXX_LIBRARY = "libc++";
				CLANG_ENABLE_MODULES = YES;
				CLANG_ENABLE_OBJC_ARC = YES;
				CLANG_WARN_BOOL_CONVERSION = YES;
				CLANG_WARN_CONSTANT_CONVERSION = YES;
				CLANG_WARN_DIRECT_OBJC_ISA_USAGE = YES_ERROR;
				CLANG_WARN_EMPTY_BODY = YES;
				CLANG_WARN_ENUM_CONVERSION = YES;
				CLANG_WARN_INT_CONVERSION = YES;
				CLANG_WARN_OBJC_ROOT_CLASS = YES_ERROR;
				CLANG_WARN__DUPLICATE_METHOD_MATCH = YES;
				"CODE_SIGN_IDENTITY[sdk=iphoneos*]" = "iPhone Developer";
				COPY_PHASE_STRIP = NO;
				GCC_C_LANGUAGE_STANDARD = gnu99;
				GCC_DYNAMIC_NO_PIC = NO;
				GCC_OPTIMIZATION_LEVEL = 0;
				GCC_PREPROCESSOR_DEFINITIONS = (
					"DEBUG=1",
					"$(inherited)",
				);
				GCC_SYMBOLS_PRIVATE_EXTERN = NO;
				GCC_WARN_64_TO_32_BIT_CONVERSION = YES;
				GCC_WARN_ABOUT_RETURN_TYPE = YES_ERROR;
				GCC_WARN_UNDECLARED_SELECTOR = YES;
				GCC_WARN_UNINITIALIZED_AUTOS = YES_AGGRESSIVE;
				GCC_WARN_UNUSED_FUNCTION = YES;
				GCC_WARN_UNUSED_VARIABLE = YES;
				IPHONEOS_DEPLOYMENT_TARGET = 7.1;
				ONLY_ACTIVE_ARCH = YES;
				SDKROOT = iphoneos;
			};
			name = Debug;
		};
		94F60CA11A088A04001D62E3 /* Release */ = {
			isa = XCBuildConfiguration;
			buildSettings = {
				ALWAYS_SEARCH_USER_PATHS = NO;
				CLANG_CXX_LANGUAGE_STANDARD = "gnu++0x";
				CLANG_CXX_LIBRARY = "libc++";
				CLANG_ENABLE_MODULES = YES;
				CLANG_ENABLE_OBJC_ARC = YES;
				CLANG_WARN_BOOL_CONVERSION = YES;
				CLANG_WARN_CONSTANT_CONVERSION = YES;
				CLANG_WARN_DIRECT_OBJC_ISA_USAGE = YES_ERROR;
				CLANG_WARN_EMPTY_BODY = YES;
				CLANG_WARN_ENUM_CONVERSION = YES;
				CLANG_WARN_INT_CONVERSION = YES;
				CLANG_WARN_OBJC_ROOT_CLASS = YES_ERROR;
				CLANG_WARN__DUPLICATE_METHOD_MATCH = YES;
				"CODE_SIGN_IDENTITY[sdk=iphoneos*]" = "iPhone Developer";
				COPY_PHASE_STRIP = YES;
				ENABLE_NS_ASSERTIONS = NO;
				GCC_C_LANGUAGE_STANDARD = gnu99;
				GCC_WARN_64_TO_32_BIT_CONVERSION = YES;
				GCC_WARN_ABOUT_RETURN_TYPE = YES_ERROR;
				GCC_WARN_UNDECLARED_SELECTOR = YES;
				GCC_WARN_UNINITIALIZED_AUTOS = YES_AGGRESSIVE;
				GCC_WARN_UNUSED_FUNCTION = YES;
				GCC_WARN_UNUSED_VARIABLE = YES;
				IPHONEOS_DEPLOYMENT_TARGET = 7.1;
				SDKROOT = iphoneos;
				VALIDATE_PRODUCT = YES;
			};
			name = Release;
		};
		94F60CA31A088A04001D62E3 /* Debug */ = {
			isa = XCBuildConfiguration;
			buildSettings = {
				ASSETCATALOG_COMPILER_APPICON_NAME = AppIcon;
				ASSETCATALOG_COMPILER_LAUNCHIMAGE_NAME = LaunchImage;
				GCC_PRECOMPILE_PREFIX_HEADER = YES;
				GCC_PREFIX_HEADER = "MyNetworkKit/MyNetworkKit-Prefix.pch";
				INFOPLIST_FILE = "MyNetworkKit/MyNetworkKit-Info.plist";
				IPHONEOS_DEPLOYMENT_TARGET = 7.1;
				PRODUCT_NAME = "$(TARGET_NAME)";
				WRAPPER_EXTENSION = app;
			};
			name = Debug;
		};
		94F60CA41A088A04001D62E3 /* Release */ = {
			isa = XCBuildConfiguration;
			buildSettings = {
				ASSETCATALOG_COMPILER_APPICON_NAME = AppIcon;
				ASSETCATALOG_COMPILER_LAUNCHIMAGE_NAME = LaunchImage;
				GCC_PRECOMPILE_PREFIX_HEADER = YES;
				GCC_PREFIX_HEADER = "MyNetworkKit/MyNetworkKit-Prefix.pch";
				INFOPLIST_FILE = "MyNetworkKit/MyNetworkKit-Info.plist";
				IPHONEOS_DEPLOYMENT_TARGET = 7.1;
				PRODUCT_NAME = "$(TARGET_NAME)";
				WRAPPER_EXTENSION = app;
			};
			name = Release;
		};
		94F60CA61A088A04001D62E3 /* Debug */ = {
			isa = XCBuildConfiguration;
			buildSettings = {
				BUNDLE_LOADER = "$(BUILT_PRODUCTS_DIR)/MyNetworkKit.app/MyNetworkKit";
				FRAMEWORK_SEARCH_PATHS = (
					"$(SDKROOT)/Developer/Library/Frameworks",
					"$(inherited)",
					"$(DEVELOPER_FRAMEWORKS_DIR)",
				);
				GCC_PRECOMPILE_PREFIX_HEADER = YES;
				GCC_PREFIX_HEADER = "MyNetworkKit/MyNetworkKit-Prefix.pch";
				GCC_PREPROCESSOR_DEFINITIONS = (
					"DEBUG=1",
					"$(inherited)",
				);
				INFOPLIST_FILE = "MyNetworkKitTests/MyNetworkKitTests-Info.plist";
				PRODUCT_NAME = "$(TARGET_NAME)";
				TEST_HOST = "$(BUNDLE_LOADER)";
				WRAPPER_EXTENSION = xctest;
			};
			name = Debug;
		};
		94F60CA71A088A04001D62E3 /* Release */ = {
			isa = XCBuildConfiguration;
			buildSettings = {
				BUNDLE_LOADER = "$(BUILT_PRODUCTS_DIR)/MyNetworkKit.app/MyNetworkKit";
				FRAMEWORK_SEARCH_PATHS = (
					"$(SDKROOT)/Developer/Library/Frameworks",
					"$(inherited)",
					"$(DEVELOPER_FRAMEWORKS_DIR)",
				);
				GCC_PRECOMPILE_PREFIX_HEADER = YES;
				GCC_PREFIX_HEADER = "MyNetworkKit/MyNetworkKit-Prefix.pch";
				INFOPLIST_FILE = "MyNetworkKitTests/MyNetworkKitTests-Info.plist";
				PRODUCT_NAME = "$(TARGET_NAME)";
				TEST_HOST = "$(BUNDLE_LOADER)";
				WRAPPER_EXTENSION = xctest;
			};
			name = Release;
		};
/* End XCBuildConfiguration section */

/* Begin XCConfigurationList section */
		94F60C6B1A088A03001D62E3 /* Build configuration list for PBXProject "MyNetworkKit" */ = {
			isa = XCConfigurationList;
			buildConfigurations = (
				94F60CA01A088A04001D62E3 /* Debug */,
				94F60CA11A088A04001D62E3 /* Release */,
			);
			defaultConfigurationIsVisible = 0;
			defaultConfigurationName = Release;
		};
		94F60CA21A088A04001D62E3 /* Build configuration list for PBXNativeTarget "MyNetworkKit" */ = {
			isa = XCConfigurationList;
			buildConfigurations = (
				94F60CA31A088A04001D62E3 /* Debug */,
				94F60CA41A088A04001D62E3 /* Release */,
			);
			defaultConfigurationIsVisible = 0;
			defaultConfigurationName = Release;
		};
		94F60CA51A088A04001D62E3 /* Build configuration list for PBXNativeTarget "MyNetworkKitTests" */ = {
			isa = XCConfigurationList;
			buildConfigurations = (
				94F60CA61A088A04001D62E3 /* Debug */,
				94F60CA71A088A04001D62E3 /* Release */,
			);
			defaultConfigurationIsVisible = 0;
			defaultConfigurationName = Release;
		};
/* End XCConfigurationList section */
	};
	rootObject = 94F60C681A088A03001D62E3 /* Project object */;
}
